
Microsoft Visual Studio Solution File, Format Version 12.00
# Visual Studio Version 17
VisualStudioVersion = 17.1.32421.90
MinimumVisualStudioVersion = 10.0.40219.1
Project("{2150E333-8FDC-42A3-9474-1A3956D46DE8}") = "Services", "Services", "{12DB1B84-C12D-455F-8BFB-7AC9535AFABB}"
EndProject
Project("{2150E333-8FDC-42A3-9474-1A3956D46DE8}") = "Infra", "Infra", "{1C4DE86E-977E-4FFC-8C67-A36F712B5B98}"
EndProject
Project("{9A19103F-16F7-4668-BE54-9A1E7A4F7556}") = "Infra.API", "Services\Infra\Infra.API\Infra.API.csproj", "{250A8351-0119-483B-B400-38C69271C3DB}"
EndProject
Project("{E53339B2-1760-4266-BCC7-CA923CBCF16C}") = "docker-compose", "docker-compose.dcproj", "{4D2B1829-B6A9-4F0C-A145-AD6BE244BB00}"
EndProject
Project("{2150E333-8FDC-42A3-9474-1A3956D46DE8}") = "PowerShell", "PowerShell", "{96FD2401-55C4-434B-8D69-0AB28E830488}"
EndProject
Project("{2150E333-8FDC-42A3-9474-1A3956D46DE8}") = "KPI", "KPI", "{8D5E6836-942E-462B-A856-9524A925E555}"
EndProject
Project("{9A19103F-16F7-4668-BE54-9A1E7A4F7556}") = "KPI.API", "Services\KPI\KPI.API\KPI.API.csproj", "{1218C4FC-FF72-471F-8823-64902FC346F0}"
EndProject
Project("{2150E333-8FDC-42A3-9474-1A3956D46DE8}") = "DWHProxy", "DWHProxy", "{F325A434-05AA-4761-9F4C-2BE7E17FFCC0}"
EndProject
Project("{9A19103F-16F7-4668-BE54-9A1E7A4F7556}") = "DWHProxy.API", "Services\DWHProxy\DWHProxy.API\DWHProxy.API.csproj", "{43F2EE73-6E72-43AC-B48B-CDD810F887F5}"
EndProject
Project("{2150E333-8FDC-42A3-9474-1A3956D46DE8}") = "NotificationProxy", "NotificationProxy", "{1E613842-DB33-4526-949F-8C3587C274C9}"
EndProject
Project("{9A19103F-16F7-4668-BE54-9A1E7A4F7556}") = "NotificationProxy.API", "Services\NotificationProxy\NotificationProxy.API\NotificationProxy.API.csproj", "{12B49EF4-8A62-4008-A38D-9F16EEA0BCB3}"
EndProject
Project("{9A19103F-16F7-4668-BE54-9A1E7A4F7556}") = "PowerShell.API", "Services\PowerShell\PowerShell.API\PowerShell.API.csproj", "{E0BBBEA2-7D6A-4C1D-BF66-B30663A6B386}"
EndProject
Project("{2150E333-8FDC-42A3-9474-1A3956D46DE8}") = "Worker", "Worker", "{D0CD3383-B421-4F0B-A425-E359F9B801A9}"
EndProject
Project("{FAE04EC0-301F-11D3-BF4B-00C04F79EFBC}") = "Worker", "Services\Worker\Worker\Worker.csproj", "{965A72A7-EEC2-4D67-BB79-7010DB28564F}"
EndProject
Global
	GlobalSection(SolutionConfigurationPlatforms) = preSolution
		Debug|Any CPU = Debug|Any CPU
		Release|Any CPU = Release|Any CPU
	EndGlobalSection
	GlobalSection(ProjectConfigurationPlatforms) = postSolution
		{250A8351-0119-483B-B400-38C69271C3DB}.Debug|Any CPU.ActiveCfg = Debug|Any CPU
		{250A8351-0119-483B-B400-38C69271C3DB}.Debug|Any CPU.Build.0 = Debug|Any CPU
		{250A8351-0119-483B-B400-38C69271C3DB}.Release|Any CPU.ActiveCfg = Release|Any CPU
		{250A8351-0119-483B-B400-38C69271C3DB}.Release|Any CPU.Build.0 = Release|Any CPU
		{4D2B1829-B6A9-4F0C-A145-AD6BE244BB00}.Debug|Any CPU.ActiveCfg = Debug|Any CPU
		{4D2B1829-B6A9-4F0C-A145-AD6BE244BB00}.Debug|Any CPU.Build.0 = Debug|Any CPU
		{4D2B1829-B6A9-4F0C-A145-AD6BE244BB00}.Release|Any CPU.ActiveCfg = Release|Any CPU
		{4D2B1829-B6A9-4F0C-A145-AD6BE244BB00}.Release|Any CPU.Build.0 = Release|Any CPU
		{1218C4FC-FF72-471F-8823-64902FC346F0}.Debug|Any CPU.ActiveCfg = Debug|Any CPU
		{1218C4FC-FF72-471F-8823-64902FC346F0}.Debug|Any CPU.Build.0 = Debug|Any CPU
		{1218C4FC-FF72-471F-8823-64902FC346F0}.Release|Any CPU.ActiveCfg = Release|Any CPU
		{1218C4FC-FF72-471F-8823-64902FC346F0}.Release|Any CPU.Build.0 = Release|Any CPU
		{43F2EE73-6E72-43AC-B48B-CDD810F887F5}.Debug|Any CPU.ActiveCfg = Debug|Any CPU
		{43F2EE73-6E72-43AC-B48B-CDD810F887F5}.Debug|Any CPU.Build.0 = Debug|Any CPU
		{43F2EE73-6E72-43AC-B48B-CDD810F887F5}.Release|Any CPU.ActiveCfg = Release|Any CPU
		{43F2EE73-6E72-43AC-B48B-CDD810F887F5}.Release|Any CPU.Build.0 = Release|Any CPU
		{12B49EF4-8A62-4008-A38D-9F16EEA0BCB3}.Debug|Any CPU.ActiveCfg = Debug|Any CPU
		{12B49EF4-8A62-4008-A38D-9F16EEA0BCB3}.Debug|Any CPU.Build.0 = Debug|Any CPU
		{12B49EF4-8A62-4008-A38D-9F16EEA0BCB3}.Release|Any CPU.ActiveCfg = Release|Any CPU
		{12B49EF4-8A62-4008-A38D-9F16EEA0BCB3}.Release|Any CPU.Build.0 = Release|Any CPU
		{E0BBBEA2-7D6A-4C1D-BF66-B30663A6B386}.Debug|Any CPU.ActiveCfg = Debug|Any CPU
		{E0BBBEA2-7D6A-4C1D-BF66-B30663A6B386}.Debug|Any CPU.Build.0 = Debug|Any CPU
		{E0BBBEA2-7D6A-4C1D-BF66-B30663A6B386}.Release|Any CPU.ActiveCfg = Release|Any CPU
		{E0BBBEA2-7D6A-4C1D-BF66-B30663A6B386}.Release|Any CPU.Build.0 = Release|Any CPU
		{965A72A7-EEC2-4D67-BB79-7010DB28564F}.Debug|Any CPU.ActiveCfg = Debug|Any CPU
		{965A72A7-EEC2-4D67-BB79-7010DB28564F}.Debug|Any CPU.Build.0 = Debug|Any CPU
		{965A72A7-EEC2-4D67-BB79-7010DB28564F}.Release|Any CPU.ActiveCfg = Release|Any CPU
		{965A72A7-EEC2-4D67-BB79-7010DB28564F}.Release|Any CPU.Build.0 = Release|Any CPU
	EndGlobalSection
	GlobalSection(SolutionProperties) = preSolution
		HideSolutionNode = FALSE
	EndGlobalSection
	GlobalSection(NestedProjects) = preSolution
		{1C4DE86E-977E-4FFC-8C67-A36F712B5B98} = {12DB1B84-C12D-455F-8BFB-7AC9535AFABB}
		{250A8351-0119-483B-B400-38C69271C3DB} = {1C4DE86E-977E-4FFC-8C67-A36F712B5B98}
		{96FD2401-55C4-434B-8D69-0AB28E830488} = {12DB1B84-C12D-455F-8BFB-7AC9535AFABB}
		{8D5E6836-942E-462B-A856-9524A925E555} = {12DB1B84-C12D-455F-8BFB-7AC9535AFABB}
		{1218C4FC-FF72-471F-8823-64902FC346F0} = {8D5E6836-942E-462B-A856-9524A925E555}
		{F325A434-05AA-4761-9F4C-2BE7E17FFCC0} = {12DB1B84-C12D-455F-8BFB-7AC9535AFABB}
		{43F2EE73-6E72-43AC-B48B-CDD810F887F5} = {F325A434-05AA-4761-9F4C-2BE7E17FFCC0}
		{1E613842-DB33-4526-949F-8C3587C274C9} = {12DB1B84-C12D-455F-8BFB-7AC9535AFABB}
		{12B49EF4-8A62-4008-A38D-9F16EEA0BCB3} = {1E613842-DB33-4526-949F-8C3587C274C9}
		{E0BBBEA2-7D6A-4C1D-BF66-B30663A6B386} = {96FD2401-55C4-434B-8D69-0AB28E830488}
		{D0CD3383-B421-4F0B-A425-E359F9B801A9} = {12DB1B84-C12D-455F-8BFB-7AC9535AFABB}
		{965A72A7-EEC2-4D67-BB79-7010DB28564F} = {D0CD3383-B421-4F0B-A425-E359F9B801A9}
	EndGlobalSection
	GlobalSection(ExtensibilityGlobals) = postSolution
		SolutionGuid = {B4E94C2F-D351-4BFC-A4CC-37A16319B7EF}
	EndGlobalSection
EndGlobal
